
Microsoft Visual Studio Solution File, Format Version 12.00
# Visual Studio Version 17
VisualStudioVersion = 17.4.33205.214
MinimumVisualStudioVersion = 10.0.40219.1
Project("{FAE04EC0-301F-11D3-BF4B-00C04F79EFBC}") = "ShapesLib", "ShapesLib.csproj", "{BE93ED6D-E3CE-40D2-8152-AE2ECC19F474}"
EndProject
Global
	GlobalSection(SolutionConfigurationPlatforms) = preSolution
		Debug|Any CPU = Debug|Any CPU
		Release|Any CPU = Release|Any CPU
	EndGlobalSection
	GlobalSection(ProjectConfigurationPlatforms) = postSolution
		{BE93ED6D-E3CE-40D2-8152-AE2ECC19F474}.Debug|Any CPU.ActiveCfg = Debug|Any CPU
		{BE93ED6D-E3CE-40D2-8152-AE2ECC19F474}.Debug|Any CPU.Build.0 = Debug|Any CPU
		{BE93ED6D-E3CE-40D2-8152-AE2ECC19F474}.Release|Any CPU.ActiveCfg = Release|Any CPU
		{BE93ED6D-E3CE-40D2-8152-AE2ECC19F474}.Release|Any CPU.Build.0 = Release|Any CPU
	EndGlobalSection
	GlobalSection(SolutionProperties) = preSolution
		HideSolutionNode = FALSE
	EndGlobalSection
	GlobalSection(ExtensibilityGlobals) = postSolution
		SolutionGuid = {DBD6B75E-F543-49D5-B5C1-8AB18E71BE99}
	EndGlobalSection
EndGlobal
